
Microsoft Visual Studio Solution File, Format Version 12.00
# Visual Studio 14
VisualStudioVersion = 14.0.24720.0
MinimumVisualStudioVersion = 10.0.40219.1
Project("{8BC9CEB8-8B4A-11D0-8D11-00A0C91BC942}") = "ledger-windows", "ledger-windows\ledger-windows.vcxproj", "{A16B7454-6903-4193-8F89-B589175D24ED}"
EndProject
Project("{2150E333-8FDC-42A3-9474-1A3956D46DE8}") = "Dependencies", "Dependencies", "{0DAF854F-F81F-4186-8A67-5DF103D40D30}"
EndProject
Project("{8BC9CEB8-8B4A-11D0-8D11-00A0C91BC942}") = "lib_mpir_gc", "Dependencies\mpir\build.vc14\lib_mpir_gc\lib_mpir_gc.vcxproj", "{60E2A413-43CC-45BE-86F1-67C950664B57}"
EndProject
Project("{8BC9CEB8-8B4A-11D0-8D11-00A0C91BC942}") = "lib_mpfr", "Dependencies\mpfr\build.vc14\lib_mpfr\lib_mpfr.vcxproj", "{96DA1C71-3895-49FA-A4F1-2775C650AF3D}"
EndProject
Global
	GlobalSection(SolutionConfigurationPlatforms) = preSolution
		Debug|x64 = Debug|x64
		Debug|x86 = Debug|x86
		Release|x64 = Release|x64
		Release|x86 = Release|x86
	EndGlobalSection
	GlobalSection(ProjectConfigurationPlatforms) = postSolution
		{A16B7454-6903-4193-8F89-B589175D24ED}.Debug|x64.ActiveCfg = Debug|x64
		{A16B7454-6903-4193-8F89-B589175D24ED}.Debug|x64.Build.0 = Debug|x64
		{A16B7454-6903-4193-8F89-B589175D24ED}.Debug|x86.ActiveCfg = Debug|Win32
		{A16B7454-6903-4193-8F89-B589175D24ED}.Debug|x86.Build.0 = Debug|Win32
		{A16B7454-6903-4193-8F89-B589175D24ED}.Release|x64.ActiveCfg = Release|x64
		{A16B7454-6903-4193-8F89-B589175D24ED}.Release|x64.Build.0 = Release|x64
		{A16B7454-6903-4193-8F89-B589175D24ED}.Release|x86.ActiveCfg = Release|Win32
		{A16B7454-6903-4193-8F89-B589175D24ED}.Release|x86.Build.0 = Release|Win32
		{60E2A413-43CC-45BE-86F1-67C950664B57}.Debug|x64.ActiveCfg = Debug|x64
		{60E2A413-43CC-45BE-86F1-67C950664B57}.Debug|x64.Build.0 = Debug|x64
		{60E2A413-43CC-45BE-86F1-67C950664B57}.Debug|x86.ActiveCfg = Debug|Win32
		{60E2A413-43CC-45BE-86F1-67C950664B57}.Debug|x86.Build.0 = Debug|Win32
		{60E2A413-43CC-45BE-86F1-67C950664B57}.Release|x64.ActiveCfg = Release|x64
		{60E2A413-43CC-45BE-86F1-67C950664B57}.Release|x64.Build.0 = Release|x64
		{60E2A413-43CC-45BE-86F1-67C950664B57}.Release|x86.ActiveCfg = Release|Win32
		{60E2A413-43CC-45BE-86F1-67C950664B57}.Release|x86.Build.0 = Release|Win32
		{96DA1C71-3895-49FA-A4F1-2775C650AF3D}.Debug|x64.ActiveCfg = Debug|x64
		{96DA1C71-3895-49FA-A4F1-2775C650AF3D}.Debug|x64.Build.0 = Debug|x64
		{96DA1C71-3895-49FA-A4F1-2775C650AF3D}.Debug|x86.ActiveCfg = Debug|Win32
		{96DA1C71-3895-49FA-A4F1-2775C650AF3D}.Debug|x86.Build.0 = Debug|Win32
		{96DA1C71-3895-49FA-A4F1-2775C650AF3D}.Release|x64.ActiveCfg = Release|x64
		{96DA1C71-3895-49FA-A4F1-2775C650AF3D}.Release|x64.Build.0 = Release|x64
		{96DA1C71-3895-49FA-A4F1-2775C650AF3D}.Release|x86.ActiveCfg = Release|Win32
		{96DA1C71-3895-49FA-A4F1-2775C650AF3D}.Release|x86.Build.0 = Release|Win32
	EndGlobalSection
	GlobalSection(SolutionProperties) = preSolution
		HideSolutionNode = FALSE
	EndGlobalSection
	GlobalSection(NestedProjects) = preSolution
		{60E2A413-43CC-45BE-86F1-67C950664B57} = {0DAF854F-F81F-4186-8A67-5DF103D40D30}
		{96DA1C71-3895-49FA-A4F1-2775C650AF3D} = {0DAF854F-F81F-4186-8A67-5DF103D40D30}
	EndGlobalSection
EndGlobal
