Microsoft Visual Studio Solution File, Format Version 12.00
# Visual Studio 14
Project("{8BC9CEB8-8B4A-11D0-8D11-00A0C91BC942}") = "ALL_BUILD", "ALL_BUILD.vcxproj", "{296D8326-EAC8-316A-9357-C312A366D53A}"
	ProjectSection(ProjectDependencies) = postProject
		{DE3919C1-7822-34E9-86C2-D69167B80B5A} = {DE3919C1-7822-34E9-86C2-D69167B80B5A}
		{588BD24E-CE68-3A62-9794-F4A47C895AA0} = {588BD24E-CE68-3A62-9794-F4A47C895AA0}
		{8D93D5C7-DD15-338D-89C4-D8B7CA6E914F} = {8D93D5C7-DD15-338D-89C4-D8B7CA6E914F}
		{50F82EA7-DF88-3B09-A7D8-8401A367B3BC} = {50F82EA7-DF88-3B09-A7D8-8401A367B3BC}
		{CD9E0D75-1917-3622-AABB-06219A2D8C55} = {CD9E0D75-1917-3622-AABB-06219A2D8C55}
	EndProjectSection
EndProject
Project("{8BC9CEB8-8B4A-11D0-8D11-00A0C91BC942}") = "INSTALL", "INSTALL.vcxproj", "{82E7C9C6-47EE-357E-A2D6-8570CB9424C6}"
	ProjectSection(ProjectDependencies) = postProject
		{296D8326-EAC8-316A-9357-C312A366D53A} = {296D8326-EAC8-316A-9357-C312A366D53A}
	EndProjectSection
EndProject
Project("{8BC9CEB8-8B4A-11D0-8D11-00A0C91BC942}") = "MathTests", "test\unit\MathTests.vcxproj", "{DE3919C1-7822-34E9-86C2-D69167B80B5A}"
	ProjectSection(ProjectDependencies) = postProject
		{8D93D5C7-DD15-338D-89C4-D8B7CA6E914F} = {8D93D5C7-DD15-338D-89C4-D8B7CA6E914F}
		{CD9E0D75-1917-3622-AABB-06219A2D8C55} = {CD9E0D75-1917-3622-AABB-06219A2D8C55}
	EndProjectSection
EndProject
Project("{8BC9CEB8-8B4A-11D0-8D11-00A0C91BC942}") = "PACKAGE", "PACKAGE.vcxproj", "{DF2BF204-A507-387D-B883-6724D238F273}"
	ProjectSection(ProjectDependencies) = postProject
		{296D8326-EAC8-316A-9357-C312A366D53A} = {296D8326-EAC8-316A-9357-C312A366D53A}
	EndProjectSection
EndProject
Project("{8BC9CEB8-8B4A-11D0-8D11-00A0C91BC942}") = "RUN_TESTS", "RUN_TESTS.vcxproj", "{057C5697-B7B8-3846-AE40-5890CC29C616}"
	ProjectSection(ProjectDependencies) = postProject
	EndProjectSection
EndProject
Project("{8BC9CEB8-8B4A-11D0-8D11-00A0C91BC942}") = "UtilTests", "test\unit\UtilTests.vcxproj", "{588BD24E-CE68-3A62-9794-F4A47C895AA0}"
	ProjectSection(ProjectDependencies) = postProject
		{8D93D5C7-DD15-338D-89C4-D8B7CA6E914F} = {8D93D5C7-DD15-338D-89C4-D8B7CA6E914F}
		{CD9E0D75-1917-3622-AABB-06219A2D8C55} = {CD9E0D75-1917-3622-AABB-06219A2D8C55}
	EndProjectSection
EndProject
Project("{8BC9CEB8-8B4A-11D0-8D11-00A0C91BC942}") = "ZERO_CHECK", "ZERO_CHECK.vcxproj", "{8D93D5C7-DD15-338D-89C4-D8B7CA6E914F}"
	ProjectSection(ProjectDependencies) = postProject
	EndProjectSection
EndProject
Project("{8BC9CEB8-8B4A-11D0-8D11-00A0C91BC942}") = "check", "test\check.vcxproj", "{33D2319F-A0E2-3812-AC2D-BB9E4C798A6B}"
	ProjectSection(ProjectDependencies) = postProject
		{8D93D5C7-DD15-338D-89C4-D8B7CA6E914F} = {8D93D5C7-DD15-338D-89C4-D8B7CA6E914F}
	EndProjectSection
EndProject
Project("{8BC9CEB8-8B4A-11D0-8D11-00A0C91BC942}") = "doc", "doc\doc.vcxproj", "{B55E2D5F-87E3-3178-A661-C0DA59C931C7}"
	ProjectSection(ProjectDependencies) = postProject
		{8D93D5C7-DD15-338D-89C4-D8B7CA6E914F} = {8D93D5C7-DD15-338D-89C4-D8B7CA6E914F}
		{DC644000-C8AA-36CB-AC04-F594DD137379} = {DC644000-C8AA-36CB-AC04-F594DD137379}
	EndProjectSection
EndProject
Project("{8BC9CEB8-8B4A-11D0-8D11-00A0C91BC942}") = "doc.doxygen", "doc\doc.doxygen.vcxproj", "{DC644000-C8AA-36CB-AC04-F594DD137379}"
	ProjectSection(ProjectDependencies) = postProject
		{8D93D5C7-DD15-338D-89C4-D8B7CA6E914F} = {8D93D5C7-DD15-338D-89C4-D8B7CA6E914F}
	EndProjectSection
EndProject
Project("{8BC9CEB8-8B4A-11D0-8D11-00A0C91BC942}") = "ledger", "src\ledger.vcxproj", "{50F82EA7-DF88-3B09-A7D8-8401A367B3BC}"
	ProjectSection(ProjectDependencies) = postProject
		{8D93D5C7-DD15-338D-89C4-D8B7CA6E914F} = {8D93D5C7-DD15-338D-89C4-D8B7CA6E914F}
		{CD9E0D75-1917-3622-AABB-06219A2D8C55} = {CD9E0D75-1917-3622-AABB-06219A2D8C55}
	EndProjectSection
EndProject
Project("{8BC9CEB8-8B4A-11D0-8D11-00A0C91BC942}") = "libledger", "src\libledger.vcxproj", "{CD9E0D75-1917-3622-AABB-06219A2D8C55}"
	ProjectSection(ProjectDependencies) = postProject
		{8D93D5C7-DD15-338D-89C4-D8B7CA6E914F} = {8D93D5C7-DD15-338D-89C4-D8B7CA6E914F}
	EndProjectSection
EndProject
Global
	GlobalSection(SolutionConfigurationPlatforms) = preSolution
		Debug|Win32 = Debug|Win32
		Release|Win32 = Release|Win32
		MinSizeRel|Win32 = MinSizeRel|Win32
		RelWithDebInfo|Win32 = RelWithDebInfo|Win32
	EndGlobalSection
	GlobalSection(ProjectConfigurationPlatforms) = postSolution
		{296D8326-EAC8-316A-9357-C312A366D53A}.Debug|Win32.ActiveCfg = Debug|Win32
		{296D8326-EAC8-316A-9357-C312A366D53A}.Debug|Win32.Build.0 = Debug|Win32
		{296D8326-EAC8-316A-9357-C312A366D53A}.Release|Win32.ActiveCfg = Release|Win32
		{296D8326-EAC8-316A-9357-C312A366D53A}.Release|Win32.Build.0 = Release|Win32
		{296D8326-EAC8-316A-9357-C312A366D53A}.MinSizeRel|Win32.ActiveCfg = MinSizeRel|Win32
		{296D8326-EAC8-316A-9357-C312A366D53A}.MinSizeRel|Win32.Build.0 = MinSizeRel|Win32
		{296D8326-EAC8-316A-9357-C312A366D53A}.RelWithDebInfo|Win32.ActiveCfg = RelWithDebInfo|Win32
		{296D8326-EAC8-316A-9357-C312A366D53A}.RelWithDebInfo|Win32.Build.0 = RelWithDebInfo|Win32
		{82E7C9C6-47EE-357E-A2D6-8570CB9424C6}.Debug|Win32.ActiveCfg = Debug|Win32
		{82E7C9C6-47EE-357E-A2D6-8570CB9424C6}.Release|Win32.ActiveCfg = Release|Win32
		{82E7C9C6-47EE-357E-A2D6-8570CB9424C6}.MinSizeRel|Win32.ActiveCfg = MinSizeRel|Win32
		{82E7C9C6-47EE-357E-A2D6-8570CB9424C6}.RelWithDebInfo|Win32.ActiveCfg = RelWithDebInfo|Win32
		{DE3919C1-7822-34E9-86C2-D69167B80B5A}.Debug|Win32.ActiveCfg = Debug|Win32
		{DE3919C1-7822-34E9-86C2-D69167B80B5A}.Debug|Win32.Build.0 = Debug|Win32
		{DE3919C1-7822-34E9-86C2-D69167B80B5A}.Release|Win32.ActiveCfg = Release|Win32
		{DE3919C1-7822-34E9-86C2-D69167B80B5A}.Release|Win32.Build.0 = Release|Win32
		{DE3919C1-7822-34E9-86C2-D69167B80B5A}.MinSizeRel|Win32.ActiveCfg = MinSizeRel|Win32
		{DE3919C1-7822-34E9-86C2-D69167B80B5A}.MinSizeRel|Win32.Build.0 = MinSizeRel|Win32
		{DE3919C1-7822-34E9-86C2-D69167B80B5A}.RelWithDebInfo|Win32.ActiveCfg = RelWithDebInfo|Win32
		{DE3919C1-7822-34E9-86C2-D69167B80B5A}.RelWithDebInfo|Win32.Build.0 = RelWithDebInfo|Win32
		{DF2BF204-A507-387D-B883-6724D238F273}.Debug|Win32.ActiveCfg = Debug|Win32
		{DF2BF204-A507-387D-B883-6724D238F273}.Release|Win32.ActiveCfg = Release|Win32
		{DF2BF204-A507-387D-B883-6724D238F273}.MinSizeRel|Win32.ActiveCfg = MinSizeRel|Win32
		{DF2BF204-A507-387D-B883-6724D238F273}.RelWithDebInfo|Win32.ActiveCfg = RelWithDebInfo|Win32
		{057C5697-B7B8-3846-AE40-5890CC29C616}.Debug|Win32.ActiveCfg = Debug|Win32
		{057C5697-B7B8-3846-AE40-5890CC29C616}.Release|Win32.ActiveCfg = Release|Win32
		{057C5697-B7B8-3846-AE40-5890CC29C616}.MinSizeRel|Win32.ActiveCfg = MinSizeRel|Win32
		{057C5697-B7B8-3846-AE40-5890CC29C616}.RelWithDebInfo|Win32.ActiveCfg = RelWithDebInfo|Win32
		{588BD24E-CE68-3A62-9794-F4A47C895AA0}.Debug|Win32.ActiveCfg = Debug|Win32
		{588BD24E-CE68-3A62-9794-F4A47C895AA0}.Debug|Win32.Build.0 = Debug|Win32
		{588BD24E-CE68-3A62-9794-F4A47C895AA0}.Release|Win32.ActiveCfg = Release|Win32
		{588BD24E-CE68-3A62-9794-F4A47C895AA0}.Release|Win32.Build.0 = Release|Win32
		{588BD24E-CE68-3A62-9794-F4A47C895AA0}.MinSizeRel|Win32.ActiveCfg = MinSizeRel|Win32
		{588BD24E-CE68-3A62-9794-F4A47C895AA0}.MinSizeRel|Win32.Build.0 = MinSizeRel|Win32
		{588BD24E-CE68-3A62-9794-F4A47C895AA0}.RelWithDebInfo|Win32.ActiveCfg = RelWithDebInfo|Win32
		{588BD24E-CE68-3A62-9794-F4A47C895AA0}.RelWithDebInfo|Win32.Build.0 = RelWithDebInfo|Win32
		{8D93D5C7-DD15-338D-89C4-D8B7CA6E914F}.Debug|Win32.ActiveCfg = Debug|Win32
		{8D93D5C7-DD15-338D-89C4-D8B7CA6E914F}.Debug|Win32.Build.0 = Debug|Win32
		{8D93D5C7-DD15-338D-89C4-D8B7CA6E914F}.Release|Win32.ActiveCfg = Release|Win32
		{8D93D5C7-DD15-338D-89C4-D8B7CA6E914F}.Release|Win32.Build.0 = Release|Win32
		{8D93D5C7-DD15-338D-89C4-D8B7CA6E914F}.MinSizeRel|Win32.ActiveCfg = MinSizeRel|Win32
		{8D93D5C7-DD15-338D-89C4-D8B7CA6E914F}.MinSizeRel|Win32.Build.0 = MinSizeRel|Win32
		{8D93D5C7-DD15-338D-89C4-D8B7CA6E914F}.RelWithDebInfo|Win32.ActiveCfg = RelWithDebInfo|Win32
		{8D93D5C7-DD15-338D-89C4-D8B7CA6E914F}.RelWithDebInfo|Win32.Build.0 = RelWithDebInfo|Win32
		{33D2319F-A0E2-3812-AC2D-BB9E4C798A6B}.Debug|Win32.ActiveCfg = Debug|Win32
		{33D2319F-A0E2-3812-AC2D-BB9E4C798A6B}.Release|Win32.ActiveCfg = Release|Win32
		{33D2319F-A0E2-3812-AC2D-BB9E4C798A6B}.MinSizeRel|Win32.ActiveCfg = MinSizeRel|Win32
		{33D2319F-A0E2-3812-AC2D-BB9E4C798A6B}.RelWithDebInfo|Win32.ActiveCfg = RelWithDebInfo|Win32
		{B55E2D5F-87E3-3178-A661-C0DA59C931C7}.Debug|Win32.ActiveCfg = Debug|Win32
		{B55E2D5F-87E3-3178-A661-C0DA59C931C7}.Release|Win32.ActiveCfg = Release|Win32
		{B55E2D5F-87E3-3178-A661-C0DA59C931C7}.MinSizeRel|Win32.ActiveCfg = MinSizeRel|Win32
		{B55E2D5F-87E3-3178-A661-C0DA59C931C7}.RelWithDebInfo|Win32.ActiveCfg = RelWithDebInfo|Win32
		{DC644000-C8AA-36CB-AC04-F594DD137379}.Debug|Win32.ActiveCfg = Debug|Win32
		{DC644000-C8AA-36CB-AC04-F594DD137379}.Debug|Win32.Build.0 = Debug|Win32
		{DC644000-C8AA-36CB-AC04-F594DD137379}.Release|Win32.ActiveCfg = Release|Win32
		{DC644000-C8AA-36CB-AC04-F594DD137379}.Release|Win32.Build.0 = Release|Win32
		{DC644000-C8AA-36CB-AC04-F594DD137379}.MinSizeRel|Win32.ActiveCfg = MinSizeRel|Win32
		{DC644000-C8AA-36CB-AC04-F594DD137379}.MinSizeRel|Win32.Build.0 = MinSizeRel|Win32
		{DC644000-C8AA-36CB-AC04-F594DD137379}.RelWithDebInfo|Win32.ActiveCfg = RelWithDebInfo|Win32
		{DC644000-C8AA-36CB-AC04-F594DD137379}.RelWithDebInfo|Win32.Build.0 = RelWithDebInfo|Win32
		{50F82EA7-DF88-3B09-A7D8-8401A367B3BC}.Debug|Win32.ActiveCfg = Debug|Win32
		{50F82EA7-DF88-3B09-A7D8-8401A367B3BC}.Debug|Win32.Build.0 = Debug|Win32
		{50F82EA7-DF88-3B09-A7D8-8401A367B3BC}.Release|Win32.ActiveCfg = Release|Win32
		{50F82EA7-DF88-3B09-A7D8-8401A367B3BC}.Release|Win32.Build.0 = Release|Win32
		{50F82EA7-DF88-3B09-A7D8-8401A367B3BC}.MinSizeRel|Win32.ActiveCfg = MinSizeRel|Win32
		{50F82EA7-DF88-3B09-A7D8-8401A367B3BC}.MinSizeRel|Win32.Build.0 = MinSizeRel|Win32
		{50F82EA7-DF88-3B09-A7D8-8401A367B3BC}.RelWithDebInfo|Win32.ActiveCfg = RelWithDebInfo|Win32
		{50F82EA7-DF88-3B09-A7D8-8401A367B3BC}.RelWithDebInfo|Win32.Build.0 = RelWithDebInfo|Win32
		{CD9E0D75-1917-3622-AABB-06219A2D8C55}.Debug|Win32.ActiveCfg = Debug|Win32
		{CD9E0D75-1917-3622-AABB-06219A2D8C55}.Debug|Win32.Build.0 = Debug|Win32
		{CD9E0D75-1917-3622-AABB-06219A2D8C55}.Release|Win32.ActiveCfg = Release|Win32
		{CD9E0D75-1917-3622-AABB-06219A2D8C55}.Release|Win32.Build.0 = Release|Win32
		{CD9E0D75-1917-3622-AABB-06219A2D8C55}.MinSizeRel|Win32.ActiveCfg = MinSizeRel|Win32
		{CD9E0D75-1917-3622-AABB-06219A2D8C55}.MinSizeRel|Win32.Build.0 = MinSizeRel|Win32
		{CD9E0D75-1917-3622-AABB-06219A2D8C55}.RelWithDebInfo|Win32.ActiveCfg = RelWithDebInfo|Win32
		{CD9E0D75-1917-3622-AABB-06219A2D8C55}.RelWithDebInfo|Win32.Build.0 = RelWithDebInfo|Win32
	EndGlobalSection
	GlobalSection(ExtensibilityGlobals) = postSolution
	EndGlobalSection
	GlobalSection(ExtensibilityAddIns) = postSolution
	EndGlobalSection
EndGlobal
