<?xml version="1.0" encoding="UTF-8"?>
<Project ToolsVersion="14.0" xmlns="http://schemas.microsoft.com/developer/msbuild/2003">
  <ItemGroup>
    <ClCompile Include="C:\Users\charlie\Documents\Visual Studio 2015\Projects\ledger-windows\ledger\test\unit\t_times.cc">
      <Filter>Source Files</Filter>
    </ClCompile>
  </ItemGroup>
  <ItemGroup>
    <CustomBuild Include="C:\Users\charlie\Documents\Visual Studio 2015\Projects\ledger-windows\ledger\test\unit\CMakeLists.txt" />
  </ItemGroup>
  <ItemGroup>
    <Filter Include="Source Files">
      <UniqueIdentifier>{DDC02864-9D43-3820-81BD-75E524F7A2A4}</UniqueIdentifier>
    </Filter>
  </ItemGroup>
</Project>
